
Microsoft Visual Studio Solution File, Format Version 12.00
# Visual Studio Version 16
VisualStudioVersion = 16.0.29319.158
MinimumVisualStudioVersion = 10.0.40219.1
Project("{FAE04EC0-301F-11D3-BF4B-00C04F79EFBC}") = "PP4.DAL", "PP4.DAL\PP4.DAL.csproj", "{32EE26A3-02EE-4FF6-BBB9-C3C3952A1AC7}"
EndProject
Project("{FAE04EC0-301F-11D3-BF4B-00C04F79EFBC}") = "PP4.BL", "PP4.BL\PP4.BL.csproj", "{1CF694D1-81B3-48B8-8866-FCC8059596A1}"
EndProject
Project("{FAE04EC0-301F-11D3-BF4B-00C04F79EFBC}") = "PP4.Entidades", "PP4.Entidades\PP4.Entidades.csproj", "{76AB9DEF-1464-42AE-ADC4-598B36D0A41D}"
EndProject
Global
	GlobalSection(SolutionConfigurationPlatforms) = preSolution
		Debug|Any CPU = Debug|Any CPU
		Release|Any CPU = Release|Any CPU
	EndGlobalSection
	GlobalSection(ProjectConfigurationPlatforms) = postSolution
		{32EE26A3-02EE-4FF6-BBB9-C3C3952A1AC7}.Debug|Any CPU.ActiveCfg = Debug|Any CPU
		{32EE26A3-02EE-4FF6-BBB9-C3C3952A1AC7}.Debug|Any CPU.Build.0 = Debug|Any CPU
		{32EE26A3-02EE-4FF6-BBB9-C3C3952A1AC7}.Release|Any CPU.ActiveCfg = Release|Any CPU
		{32EE26A3-02EE-4FF6-BBB9-C3C3952A1AC7}.Release|Any CPU.Build.0 = Release|Any CPU
		{1CF694D1-81B3-48B8-8866-FCC8059596A1}.Debug|Any CPU.ActiveCfg = Debug|Any CPU
		{1CF694D1-81B3-48B8-8866-FCC8059596A1}.Debug|Any CPU.Build.0 = Debug|Any CPU
		{1CF694D1-81B3-48B8-8866-FCC8059596A1}.Release|Any CPU.ActiveCfg = Release|Any CPU
		{1CF694D1-81B3-48B8-8866-FCC8059596A1}.Release|Any CPU.Build.0 = Release|Any CPU
		{76AB9DEF-1464-42AE-ADC4-598B36D0A41D}.Debug|Any CPU.ActiveCfg = Debug|Any CPU
		{76AB9DEF-1464-42AE-ADC4-598B36D0A41D}.Debug|Any CPU.Build.0 = Debug|Any CPU
		{76AB9DEF-1464-42AE-ADC4-598B36D0A41D}.Release|Any CPU.ActiveCfg = Release|Any CPU
		{76AB9DEF-1464-42AE-ADC4-598B36D0A41D}.Release|Any CPU.Build.0 = Release|Any CPU
	EndGlobalSection
	GlobalSection(SolutionProperties) = preSolution
		HideSolutionNode = FALSE
	EndGlobalSection
	GlobalSection(ExtensibilityGlobals) = postSolution
		SolutionGuid = {FF8339F2-004B-4C57-AD50-02B774949DF2}
	EndGlobalSection
EndGlobal
