
Microsoft Visual Studio Solution File, Format Version 12.00
# Visual Studio Version 16
VisualStudioVersion = 16.0.29319.158
MinimumVisualStudioVersion = 10.0.40219.1
Project("{FAE04EC0-301F-11D3-BF4B-00C04F79EFBC}") = "PP4.DAL", "PP4.DAL\PP4.DAL.csproj", "{32EE26A3-02EE-4FF6-BBB9-C3C3952A1AC7}"
EndProject
Project("{FAE04EC0-301F-11D3-BF4B-00C04F79EFBC}") = "PP4.BL", "PP4.BL\PP4.BL.csproj", "{1CF694D1-81B3-48B8-8866-FCC8059596A1}"
EndProject
Project("{FAE04EC0-301F-11D3-BF4B-00C04F79EFBC}") = "PP4.Entidades", "PP4.Entidades\PP4.Entidades.csproj", "{76AB9DEF-1464-42AE-ADC4-598B36D0A41D}"
EndProject
Project("{FAE04EC0-301F-11D3-BF4B-00C04F79EFBC}") = "WebApplication", "WebApplication\WebApplication.csproj", "{2C9C5FF1-1E0B-4C32-BF9B-376623E01244}"
EndProject
Project("{FAE04EC0-301F-11D3-BF4B-00C04F79EFBC}") = "PP4.ConsoleTest", "PP4.ConsoleTest\PP4.ConsoleTest.csproj", "{F86E1F61-CECD-4E15-BFD4-D2B00D2FF499}"
EndProject
Project("{FAE04EC0-301F-11D3-BF4B-00C04F79EFBC}") = "PP4.Services", "PP4.Services\PP4.Services.csproj", "{4A682DF2-1480-40AC-AD84-2E13902CA7C4}"
	ProjectSection(ProjectDependencies) = postProject
		{2C9C5FF1-1E0B-4C32-BF9B-376623E01244} = {2C9C5FF1-1E0B-4C32-BF9B-376623E01244}
	EndProjectSection
EndProject
Global
	GlobalSection(SolutionConfigurationPlatforms) = preSolution
		Debug|Any CPU = Debug|Any CPU
		Release|Any CPU = Release|Any CPU
	EndGlobalSection
	GlobalSection(ProjectConfigurationPlatforms) = postSolution
		{32EE26A3-02EE-4FF6-BBB9-C3C3952A1AC7}.Debug|Any CPU.ActiveCfg = Debug|Any CPU
		{32EE26A3-02EE-4FF6-BBB9-C3C3952A1AC7}.Debug|Any CPU.Build.0 = Debug|Any CPU
		{32EE26A3-02EE-4FF6-BBB9-C3C3952A1AC7}.Release|Any CPU.ActiveCfg = Release|Any CPU
		{32EE26A3-02EE-4FF6-BBB9-C3C3952A1AC7}.Release|Any CPU.Build.0 = Release|Any CPU
		{1CF694D1-81B3-48B8-8866-FCC8059596A1}.Debug|Any CPU.ActiveCfg = Debug|Any CPU
		{1CF694D1-81B3-48B8-8866-FCC8059596A1}.Debug|Any CPU.Build.0 = Debug|Any CPU
		{1CF694D1-81B3-48B8-8866-FCC8059596A1}.Release|Any CPU.ActiveCfg = Release|Any CPU
		{1CF694D1-81B3-48B8-8866-FCC8059596A1}.Release|Any CPU.Build.0 = Release|Any CPU
		{76AB9DEF-1464-42AE-ADC4-598B36D0A41D}.Debug|Any CPU.ActiveCfg = Debug|Any CPU
		{76AB9DEF-1464-42AE-ADC4-598B36D0A41D}.Debug|Any CPU.Build.0 = Debug|Any CPU
		{76AB9DEF-1464-42AE-ADC4-598B36D0A41D}.Release|Any CPU.ActiveCfg = Release|Any CPU
		{76AB9DEF-1464-42AE-ADC4-598B36D0A41D}.Release|Any CPU.Build.0 = Release|Any CPU
		{2C9C5FF1-1E0B-4C32-BF9B-376623E01244}.Debug|Any CPU.ActiveCfg = Debug|Any CPU
		{2C9C5FF1-1E0B-4C32-BF9B-376623E01244}.Debug|Any CPU.Build.0 = Debug|Any CPU
		{2C9C5FF1-1E0B-4C32-BF9B-376623E01244}.Release|Any CPU.ActiveCfg = Release|Any CPU
		{2C9C5FF1-1E0B-4C32-BF9B-376623E01244}.Release|Any CPU.Build.0 = Release|Any CPU
		{F86E1F61-CECD-4E15-BFD4-D2B00D2FF499}.Debug|Any CPU.ActiveCfg = Debug|Any CPU
		{F86E1F61-CECD-4E15-BFD4-D2B00D2FF499}.Debug|Any CPU.Build.0 = Debug|Any CPU
		{F86E1F61-CECD-4E15-BFD4-D2B00D2FF499}.Release|Any CPU.ActiveCfg = Release|Any CPU
		{F86E1F61-CECD-4E15-BFD4-D2B00D2FF499}.Release|Any CPU.Build.0 = Release|Any CPU
		{4A682DF2-1480-40AC-AD84-2E13902CA7C4}.Debug|Any CPU.ActiveCfg = Debug|Any CPU
		{4A682DF2-1480-40AC-AD84-2E13902CA7C4}.Debug|Any CPU.Build.0 = Debug|Any CPU
		{4A682DF2-1480-40AC-AD84-2E13902CA7C4}.Release|Any CPU.ActiveCfg = Release|Any CPU
		{4A682DF2-1480-40AC-AD84-2E13902CA7C4}.Release|Any CPU.Build.0 = Release|Any CPU
	EndGlobalSection
	GlobalSection(SolutionProperties) = preSolution
		HideSolutionNode = FALSE
	EndGlobalSection
	GlobalSection(ExtensibilityGlobals) = postSolution
		SolutionGuid = {FF8339F2-004B-4C57-AD50-02B774949DF2}
	EndGlobalSection
EndGlobal
